// !$*UTF8*$!
{
	archiveVersion = 1;
	classes = {
	};
	objectVersion = 63;
	objects = {

/* Begin PBXBuildFile section */
		AF0AC2CE2B6CD2ED0075890D /* HomePage.swift in Sources */ = {isa = PBXBuildFile; fileRef = AF0AC2CD2B6CD2ED0075890D /* HomePage.swift */; };
		AF0AC2D02B6D13880075890D /* CustomImageCell.swift in Sources */ = {isa = PBXBuildFile; fileRef = AF0AC2CF2B6D13880075890D /* CustomImageCell.swift */; };
		AF2C96C72B9F0ABC00E47097 /* geneUser.swift in Sources */ = {isa = PBXBuildFile; fileRef = AF2C96C62B9F0ABC00E47097 /* geneUser.swift */; };
		AF38E1602B4923940035F4FB /* photoPreviewViewController.swift in Sources */ = {isa = PBXBuildFile; fileRef = AF38E15F2B4923940035F4FB /* photoPreviewViewController.swift */; };
		AF38E1622B4D6A9E0035F4FB /* LoginViewContoller.swift in Sources */ = {isa = PBXBuildFile; fileRef = AF38E1612B4D6A9E0035F4FB /* LoginViewContoller.swift */; };
		AF38E1642B4D6F630035F4FB /* signupViewController.swift in Sources */ = {isa = PBXBuildFile; fileRef = AF38E1632B4D6F630035F4FB /* signupViewController.swift */; };
		AF3E10162B7CB545004A7FA6 /* editProfileViewController.swift in Sources */ = {isa = PBXBuildFile; fileRef = AF3E10152B7CB545004A7FA6 /* editProfileViewController.swift */; };
		AF49359B2BB3E63400002635 /* LoginView.storyboard in Resources */ = {isa = PBXBuildFile; fileRef = AF49359A2BB3E63400002635 /* LoginView.storyboard */; };
		AF5C638A2BA1C55900C5A887 /* HomeView.storyboard in Resources */ = {isa = PBXBuildFile; fileRef = AF5C63892BA1C55900C5A887 /* HomeView.storyboard */; };
		AFA431232B2C3D9300B1B376 /* AppDelegate.swift in Sources */ = {isa = PBXBuildFile; fileRef = AFA431222B2C3D9300B1B376 /* AppDelegate.swift */; };
		AFA431252B2C3D9300B1B376 /* SceneDelegate.swift in Sources */ = {isa = PBXBuildFile; fileRef = AFA431242B2C3D9300B1B376 /* SceneDelegate.swift */; };
		AFA431272B2C3D9300B1B376 /* cameraViewController.swift in Sources */ = {isa = PBXBuildFile; fileRef = AFA431262B2C3D9300B1B376 /* cameraViewController.swift */; };
		AFA4312C2B2C3D9400B1B376 /* Assets.xcassets in Resources */ = {isa = PBXBuildFile; fileRef = AFA4312B2B2C3D9400B1B376 /* Assets.xcassets */; };
		AFA4312F2B2C3D9400B1B376 /* LaunchScreen.storyboard in Resources */ = {isa = PBXBuildFile; fileRef = AFA4312D2B2C3D9400B1B376 /* LaunchScreen.storyboard */; };
		AFA431552B2C400400B1B376 /* geneData.swift in Sources */ = {isa = PBXBuildFile; fileRef = AFA431542B2C400400B1B376 /* geneData.swift */; };
		AFAFB2B72B908DED00B4637C /* globalColor.swift in Sources */ = {isa = PBXBuildFile; fileRef = AFAFB2B62B908DED00B4637C /* globalColor.swift */; };
		AFB5CBA92B3D846800E01054 /* profilViewController.swift in Sources */ = {isa = PBXBuildFile; fileRef = AFB5CBA82B3D846800E01054 /* profilViewController.swift */; };
		AFBB0E792BAD651D00E04796 /* EditView.storyboard in Resources */ = {isa = PBXBuildFile; fileRef = AFBB0E782BAD651D00E04796 /* EditView.storyboard */; };
		AFC463CB2B8748A7009803B8 /* APIClient.swift in Sources */ = {isa = PBXBuildFile; fileRef = AFC463CA2B8748A7009803B8 /* APIClient.swift */; };
		AFC828E02B972C410009B0EE /* geneProfile.swift in Sources */ = {isa = PBXBuildFile; fileRef = AFC828DF2B972C410009B0EE /* geneProfile.swift */; };
		AFCB70D42BB549EF00BCA862 /* SignupView.storyboard in Resources */ = {isa = PBXBuildFile; fileRef = AFCB70D32BB549EF00BCA862 /* SignupView.storyboard */; };
		AFD03A692B777C3A00617ADF /* authGlobal.swift in Sources */ = {isa = PBXBuildFile; fileRef = AFD03A682B777C3A00617ADF /* authGlobal.swift */; };
		AFE4181A2BBED101003AF613 /* SignupProfile.storyboard in Resources */ = {isa = PBXBuildFile; fileRef = AFE418192BBED101003AF613 /* SignupProfile.storyboard */; };
		AFE4181C2BBFDEEB003AF613 /* OtpLogin.storyboard in Resources */ = {isa = PBXBuildFile; fileRef = AFE4181B2BBFDEEB003AF613 /* OtpLogin.storyboard */; };
		AFFEB3532BA32F82003CC721 /* HomeViewModel.swift in Sources */ = {isa = PBXBuildFile; fileRef = AFFEB3522BA32F82003CC721 /* HomeViewModel.swift */; };
		AFFEB3562BA333DC003CC721 /* homepageViewController.swift in Sources */ = {isa = PBXBuildFile; fileRef = AFFEB3552BA333DC003CC721 /* homepageViewController.swift */; };
		AFFEB3592BA33A57003CC721 /* SDWebImage in Frameworks */ = {isa = PBXBuildFile; productRef = AFFEB3582BA33A57003CC721 /* SDWebImage */; };
		AFFEB35B2BA33A57003CC721 /* SDWebImageMapKit in Frameworks */ = {isa = PBXBuildFile; productRef = AFFEB35A2BA33A57003CC721 /* SDWebImageMapKit */; };
		AFFEB3602BA84C52003CC721 /* ProfileView.storyboard in Resources */ = {isa = PBXBuildFile; fileRef = AFFEB35C2BA40DC6003CC721 /* ProfileView.storyboard */; };
/* End PBXBuildFile section */

/* Begin PBXFileReference section */
		AF0AC2CD2B6CD2ED0075890D /* HomePage.swift */ = {isa = PBXFileReference; lastKnownFileType = sourcecode.swift; path = HomePage.swift; sourceTree = "<group>"; };
		AF0AC2CF2B6D13880075890D /* CustomImageCell.swift */ = {isa = PBXFileReference; lastKnownFileType = sourcecode.swift; path = CustomImageCell.swift; sourceTree = "<group>"; };
		AF2C96C62B9F0ABC00E47097 /* geneUser.swift */ = {isa = PBXFileReference; lastKnownFileType = sourcecode.swift; path = geneUser.swift; sourceTree = "<group>"; };
		AF38E15F2B4923940035F4FB /* photoPreviewViewController.swift */ = {isa = PBXFileReference; lastKnownFileType = sourcecode.swift; path = photoPreviewViewController.swift; sourceTree = "<group>"; };
		AF38E1612B4D6A9E0035F4FB /* LoginViewContoller.swift */ = {isa = PBXFileReference; lastKnownFileType = sourcecode.swift; path = LoginViewContoller.swift; sourceTree = "<group>"; };
		AF38E1632B4D6F630035F4FB /* signupViewController.swift */ = {isa = PBXFileReference; lastKnownFileType = sourcecode.swift; path = signupViewController.swift; sourceTree = "<group>"; };
		AF3E10152B7CB545004A7FA6 /* editProfileViewController.swift */ = {isa = PBXFileReference; lastKnownFileType = sourcecode.swift; path = editProfileViewController.swift; sourceTree = "<group>"; };
		AF49359A2BB3E63400002635 /* LoginView.storyboard */ = {isa = PBXFileReference; lastKnownFileType = file.storyboard; path = LoginView.storyboard; sourceTree = "<group>"; };
		AF5C63892BA1C55900C5A887 /* HomeView.storyboard */ = {isa = PBXFileReference; lastKnownFileType = file.storyboard; path = HomeView.storyboard; sourceTree = "<group>"; };
		AFA4311F2B2C3D9300B1B376 /* Gene.app */ = {isa = PBXFileReference; explicitFileType = wrapper.application; includeInIndex = 0; path = Gene.app; sourceTree = BUILT_PRODUCTS_DIR; };
		AFA431222B2C3D9300B1B376 /* AppDelegate.swift */ = {isa = PBXFileReference; lastKnownFileType = sourcecode.swift; path = AppDelegate.swift; sourceTree = "<group>"; };
		AFA431242B2C3D9300B1B376 /* SceneDelegate.swift */ = {isa = PBXFileReference; lastKnownFileType = sourcecode.swift; path = SceneDelegate.swift; sourceTree = "<group>"; };
		AFA431262B2C3D9300B1B376 /* cameraViewController.swift */ = {isa = PBXFileReference; lastKnownFileType = sourcecode.swift; path = cameraViewController.swift; sourceTree = "<group>"; };
		AFA4312B2B2C3D9400B1B376 /* Assets.xcassets */ = {isa = PBXFileReference; lastKnownFileType = folder.assetcatalog; path = Assets.xcassets; sourceTree = "<group>"; };
		AFA4312E2B2C3D9400B1B376 /* Base */ = {isa = PBXFileReference; lastKnownFileType = file.storyboard; name = Base; path = Base.lproj/LaunchScreen.storyboard; sourceTree = "<group>"; };
		AFA431302B2C3D9400B1B376 /* Info.plist */ = {isa = PBXFileReference; lastKnownFileType = text.plist.xml; path = Info.plist; sourceTree = "<group>"; };
		AFA431542B2C400400B1B376 /* geneData.swift */ = {isa = PBXFileReference; lastKnownFileType = sourcecode.swift; path = geneData.swift; sourceTree = "<group>"; };
		AFAFB2B62B908DED00B4637C /* globalColor.swift */ = {isa = PBXFileReference; lastKnownFileType = sourcecode.swift; path = globalColor.swift; sourceTree = "<group>"; };
		AFB5CBA82B3D846800E01054 /* profilViewController.swift */ = {isa = PBXFileReference; lastKnownFileType = sourcecode.swift; path = profilViewController.swift; sourceTree = "<group>"; };
		AFBB0E782BAD651D00E04796 /* EditView.storyboard */ = {isa = PBXFileReference; lastKnownFileType = file.storyboard; path = EditView.storyboard; sourceTree = "<group>"; };
		AFC463CA2B8748A7009803B8 /* APIClient.swift */ = {isa = PBXFileReference; lastKnownFileType = sourcecode.swift; path = APIClient.swift; sourceTree = "<group>"; };
		AFC828DF2B972C410009B0EE /* geneProfile.swift */ = {isa = PBXFileReference; lastKnownFileType = sourcecode.swift; path = geneProfile.swift; sourceTree = "<group>"; };
		AFCB70D32BB549EF00BCA862 /* SignupView.storyboard */ = {isa = PBXFileReference; lastKnownFileType = file.storyboard; path = SignupView.storyboard; sourceTree = "<group>"; };
		AFD03A682B777C3A00617ADF /* authGlobal.swift */ = {isa = PBXFileReference; lastKnownFileType = sourcecode.swift; path = authGlobal.swift; sourceTree = "<group>"; };
		AFE418192BBED101003AF613 /* SignupProfile.storyboard */ = {isa = PBXFileReference; lastKnownFileType = file.storyboard; path = SignupProfile.storyboard; sourceTree = "<group>"; };
		AFE4181B2BBFDEEB003AF613 /* OtpLogin.storyboard */ = {isa = PBXFileReference; lastKnownFileType = file.storyboard; path = OtpLogin.storyboard; sourceTree = "<group>"; };
		AFFEB3522BA32F82003CC721 /* HomeViewModel.swift */ = {isa = PBXFileReference; lastKnownFileType = sourcecode.swift; path = HomeViewModel.swift; sourceTree = "<group>"; };
		AFFEB3552BA333DC003CC721 /* homepageViewController.swift */ = {isa = PBXFileReference; lastKnownFileType = sourcecode.swift; path = homepageViewController.swift; sourceTree = "<group>"; };
		AFFEB35C2BA40DC6003CC721 /* ProfileView.storyboard */ = {isa = PBXFileReference; lastKnownFileType = file.storyboard; path = ProfileView.storyboard; sourceTree = "<group>"; };
/* End PBXFileReference section */

/* Begin PBXFrameworksBuildPhase section */
		AFA4311C2B2C3D9300B1B376 /* Frameworks */ = {
			isa = PBXFrameworksBuildPhase;
			buildActionMask = 2147483647;
			files = (
				AFFEB35B2BA33A57003CC721 /* SDWebImageMapKit in Frameworks */,
				AFFEB3592BA33A57003CC721 /* SDWebImage in Frameworks */,
			);
			runOnlyForDeploymentPostprocessing = 0;
		};
/* End PBXFrameworksBuildPhase section */

/* Begin PBXGroup section */
		AFA431162B2C3D9300B1B376 = {
			isa = PBXGroup;
			children = (
				AFA431212B2C3D9300B1B376 /* Gene */,
				AFA431202B2C3D9300B1B376 /* Products */,
			);
			sourceTree = "<group>";
		};
		AFA431202B2C3D9300B1B376 /* Products */ = {
			isa = PBXGroup;
			children = (
				AFA4311F2B2C3D9300B1B376 /* Gene.app */,
			);
			name = Products;
			sourceTree = "<group>";
		};
		AFA431212B2C3D9300B1B376 /* Gene */ = {
			isa = PBXGroup;
			children = (
				AFA431222B2C3D9300B1B376 /* AppDelegate.swift */,
				AFA431242B2C3D9300B1B376 /* SceneDelegate.swift */,
				AF38E1612B4D6A9E0035F4FB /* LoginViewContoller.swift */,
				AF49359A2BB3E63400002635 /* LoginView.storyboard */,
				AFE4181B2BBFDEEB003AF613 /* OtpLogin.storyboard */,
				AFCB70D32BB549EF00BCA862 /* SignupView.storyboard */,
				AFE418192BBED101003AF613 /* SignupProfile.storyboard */,
				AF38E1632B4D6F630035F4FB /* signupViewController.swift */,
				AFFEB34C2BA32BB5003CC721 /* HomePage */,
				AF3E10152B7CB545004A7FA6 /* editProfileViewController.swift */,
				AFBB0E782BAD651D00E04796 /* EditView.storyboard */,
				AFFEB3552BA333DC003CC721 /* homepageViewController.swift */,
				AFA431262B2C3D9300B1B376 /* cameraViewController.swift */,
				AF38E15F2B4923940035F4FB /* photoPreviewViewController.swift */,
				AFFEB3612BA957BE003CC721 /* ProfilePage */,
				AFD03A682B777C3A00617ADF /* authGlobal.swift */,
				AFC463CA2B8748A7009803B8 /* APIClient.swift */,
				AFAFB2B62B908DED00B4637C /* globalColor.swift */,
				AFA4312B2B2C3D9400B1B376 /* Assets.xcassets */,
				AFA4312D2B2C3D9400B1B376 /* LaunchScreen.storyboard */,
				AFA431302B2C3D9400B1B376 /* Info.plist */,
			);
			path = Gene;
			sourceTree = "<group>";
		};
		AFFEB34C2BA32BB5003CC721 /* HomePage */ = {
			isa = PBXGroup;
			children = (
				AFFEB34D2BA32C38003CC721 /* Model */,
				AFFEB34E2BA32C59003CC721 /* View */,
				AFFEB3542BA32FFE003CC721 /* ViewModel */,
			);
			path = HomePage;
			sourceTree = "<group>";
		};
		AFFEB34D2BA32C38003CC721 /* Model */ = {
			isa = PBXGroup;
			children = (
				AFA431542B2C400400B1B376 /* geneData.swift */,
			);
			path = Model;
			sourceTree = "<group>";
		};
		AFFEB34E2BA32C59003CC721 /* View */ = {
			isa = PBXGroup;
			children = (
				AF5C63892BA1C55900C5A887 /* HomeView.storyboard */,
				AF0AC2CD2B6CD2ED0075890D /* HomePage.swift */,
				AF0AC2CF2B6D13880075890D /* CustomImageCell.swift */,
			);
			path = View;
			sourceTree = "<group>";
		};
		AFFEB3542BA32FFE003CC721 /* ViewModel */ = {
			isa = PBXGroup;
			children = (
				AFFEB3522BA32F82003CC721 /* HomeViewModel.swift */,
			);
			path = ViewModel;
			sourceTree = "<group>";
		};
		AFFEB3612BA957BE003CC721 /* ProfilePage */ = {
			isa = PBXGroup;
			children = (
				AFC828DF2B972C410009B0EE /* geneProfile.swift */,
				AF2C96C62B9F0ABC00E47097 /* geneUser.swift */,
				AFFEB35C2BA40DC6003CC721 /* ProfileView.storyboard */,
				AFB5CBA82B3D846800E01054 /* profilViewController.swift */,
			);
			path = ProfilePage;
			sourceTree = "<group>";
		};
/* End PBXGroup section */

/* Begin PBXNativeTarget section */
		AFA4311E2B2C3D9300B1B376 /* Gene */ = {
			isa = PBXNativeTarget;
			buildConfigurationList = AFA431492B2C3D9400B1B376 /* Build configuration list for PBXNativeTarget "Gene" */;
			buildPhases = (
				AFA4311B2B2C3D9300B1B376 /* Sources */,
				AFA4311C2B2C3D9300B1B376 /* Frameworks */,
				AFA4311D2B2C3D9300B1B376 /* Resources */,
			);
			buildRules = (
			);
			dependencies = (
			);
			name = Gene;
			packageProductDependencies = (
				AFFEB3582BA33A57003CC721 /* SDWebImage */,
				AFFEB35A2BA33A57003CC721 /* SDWebImageMapKit */,
			);
			productName = Gene;
			productReference = AFA4311F2B2C3D9300B1B376 /* Gene.app */;
			productType = "com.apple.product-type.application";
		};
/* End PBXNativeTarget section */

/* Begin PBXProject section */
		AFA431172B2C3D9300B1B376 /* Project object */ = {
			isa = PBXProject;
			attributes = {
				BuildIndependentTargetsInParallel = 1;
				LastSwiftUpdateCheck = 1510;
				LastUpgradeCheck = 1510;
				TargetAttributes = {
					AFA4311E2B2C3D9300B1B376 = {
						CreatedOnToolsVersion = 15.1;
					};
				};
			};
			buildConfigurationList = AFA4311A2B2C3D9300B1B376 /* Build configuration list for PBXProject "Gene" */;
			compatibilityVersion = "Xcode 15.3";
			developmentRegion = en;
			hasScannedForEncodings = 0;
			knownRegions = (
				en,
				Base,
			);
			mainGroup = AFA431162B2C3D9300B1B376;
			packageReferences = (
				AFFEB3572BA33A57003CC721 /* XCRemoteSwiftPackageReference "SDWebImage" */,
			);
			productRefGroup = AFA431202B2C3D9300B1B376 /* Products */;
			projectDirPath = "";
			projectRoot = "";
			targets = (
				AFA4311E2B2C3D9300B1B376 /* Gene */,
			);
		};
/* End PBXProject section */

/* Begin PBXResourcesBuildPhase section */
		AFA4311D2B2C3D9300B1B376 /* Resources */ = {
			isa = PBXResourcesBuildPhase;
			buildActionMask = 2147483647;
			files = (
				AF5C638A2BA1C55900C5A887 /* HomeView.storyboard in Resources */,
				AFE4181C2BBFDEEB003AF613 /* OtpLogin.storyboard in Resources */,
				AFCB70D42BB549EF00BCA862 /* SignupView.storyboard in Resources */,
				AFFEB3602BA84C52003CC721 /* ProfileView.storyboard in Resources */,
				AFBB0E792BAD651D00E04796 /* EditView.storyboard in Resources */,
				AFA4312F2B2C3D9400B1B376 /* LaunchScreen.storyboard in Resources */,
				AFA4312C2B2C3D9400B1B376 /* Assets.xcassets in Resources */,
				AFE4181A2BBED101003AF613 /* SignupProfile.storyboard in Resources */,
				AF49359B2BB3E63400002635 /* LoginView.storyboard in Resources */,
			);
			runOnlyForDeploymentPostprocessing = 0;
		};
/* End PBXResourcesBuildPhase section */

/* Begin PBXSourcesBuildPhase section */
		AFA4311B2B2C3D9300B1B376 /* Sources */ = {
			isa = PBXSourcesBuildPhase;
			buildActionMask = 2147483647;
			files = (
				AFC828E02B972C410009B0EE /* geneProfile.swift in Sources */,
				AFFEB3532BA32F82003CC721 /* HomeViewModel.swift in Sources */,
				AFC463CB2B8748A7009803B8 /* APIClient.swift in Sources */,
				AF38E1622B4D6A9E0035F4FB /* LoginViewContoller.swift in Sources */,
				AF3E10162B7CB545004A7FA6 /* editProfileViewController.swift in Sources */,
				AFA431272B2C3D9300B1B376 /* cameraViewController.swift in Sources */,
				AF0AC2D02B6D13880075890D /* CustomImageCell.swift in Sources */,
				AFA431552B2C400400B1B376 /* geneData.swift in Sources */,
				AF38E1642B4D6F630035F4FB /* signupViewController.swift in Sources */,
				AF0AC2CE2B6CD2ED0075890D /* HomePage.swift in Sources */,
				AFA431232B2C3D9300B1B376 /* AppDelegate.swift in Sources */,
				AFFEB3562BA333DC003CC721 /* homepageViewController.swift in Sources */,
				AF2C96C72B9F0ABC00E47097 /* geneUser.swift in Sources */,
				AFB5CBA92B3D846800E01054 /* profilViewController.swift in Sources */,
				AFD03A692B777C3A00617ADF /* authGlobal.swift in Sources */,
				AFAFB2B72B908DED00B4637C /* globalColor.swift in Sources */,
				AF38E1602B4923940035F4FB /* photoPreviewViewController.swift in Sources */,
				AFA431252B2C3D9300B1B376 /* SceneDelegate.swift in Sources */,
			);
			runOnlyForDeploymentPostprocessing = 0;
		};
/* End PBXSourcesBuildPhase section */

/* Begin PBXVariantGroup section */
		AFA4312D2B2C3D9400B1B376 /* LaunchScreen.storyboard */ = {
			isa = PBXVariantGroup;
			children = (
				AFA4312E2B2C3D9400B1B376 /* Base */,
			);
			name = LaunchScreen.storyboard;
			sourceTree = "<group>";
		};
/* End PBXVariantGroup section */

/* Begin XCBuildConfiguration section */
		AFA431472B2C3D9400B1B376 /* Debug */ = {
			isa = XCBuildConfiguration;
			buildSettings = {
				ALWAYS_SEARCH_USER_PATHS = NO;
				ASSETCATALOG_COMPILER_GENERATE_SWIFT_ASSET_SYMBOL_EXTENSIONS = YES;
				CLANG_ANALYZER_NONNULL = YES;
				CLANG_ANALYZER_NUMBER_OBJECT_CONVERSION = YES_AGGRESSIVE;
				CLANG_CXX_LANGUAGE_STANDARD = "gnu++20";
				CLANG_ENABLE_MODULES = YES;
				CLANG_ENABLE_OBJC_ARC = YES;
				CLANG_ENABLE_OBJC_WEAK = YES;
				CLANG_WARN_BLOCK_CAPTURE_AUTORELEASING = YES;
				CLANG_WARN_BOOL_CONVERSION = YES;
				CLANG_WARN_COMMA = YES;
				CLANG_WARN_CONSTANT_CONVERSION = YES;
				CLANG_WARN_DEPRECATED_OBJC_IMPLEMENTATIONS = YES;
				CLANG_WARN_DIRECT_OBJC_ISA_USAGE = YES_ERROR;
				CLANG_WARN_DOCUMENTATION_COMMENTS = YES;
				CLANG_WARN_EMPTY_BODY = YES;
				CLANG_WARN_ENUM_CONVERSION = YES;
				CLANG_WARN_INFINITE_RECURSION = YES;
				CLANG_WARN_INT_CONVERSION = YES;
				CLANG_WARN_NON_LITERAL_NULL_CONVERSION = YES;
				CLANG_WARN_OBJC_IMPLICIT_RETAIN_SELF = YES;
				CLANG_WARN_OBJC_LITERAL_CONVERSION = YES;
				CLANG_WARN_OBJC_ROOT_CLASS = YES_ERROR;
				CLANG_WARN_QUOTED_INCLUDE_IN_FRAMEWORK_HEADER = YES;
				CLANG_WARN_RANGE_LOOP_ANALYSIS = YES;
				CLANG_WARN_STRICT_PROTOTYPES = YES;
				CLANG_WARN_SUSPICIOUS_MOVE = YES;
				CLANG_WARN_UNGUARDED_AVAILABILITY = YES_AGGRESSIVE;
				CLANG_WARN_UNREACHABLE_CODE = YES;
				CLANG_WARN__DUPLICATE_METHOD_MATCH = YES;
				COPY_PHASE_STRIP = NO;
				DEBUG_INFORMATION_FORMAT = dwarf;
				ENABLE_STRICT_OBJC_MSGSEND = YES;
				ENABLE_TESTABILITY = YES;
				ENABLE_USER_SCRIPT_SANDBOXING = YES;
				GCC_C_LANGUAGE_STANDARD = gnu17;
				GCC_DYNAMIC_NO_PIC = NO;
				GCC_NO_COMMON_BLOCKS = YES;
				GCC_OPTIMIZATION_LEVEL = 0;
				GCC_PREPROCESSOR_DEFINITIONS = (
					"DEBUG=1",
					"$(inherited)",
				);
				GCC_WARN_64_TO_32_BIT_CONVERSION = YES;
				GCC_WARN_ABOUT_RETURN_TYPE = YES_ERROR;
				GCC_WARN_UNDECLARED_SELECTOR = YES;
				GCC_WARN_UNINITIALIZED_AUTOS = YES_AGGRESSIVE;
				GCC_WARN_UNUSED_FUNCTION = YES;
				GCC_WARN_UNUSED_VARIABLE = YES;
				IPHONEOS_DEPLOYMENT_TARGET = 15.5;
				LOCALIZATION_PREFERS_STRING_CATALOGS = YES;
				MTL_ENABLE_DEBUG_INFO = INCLUDE_SOURCE;
				MTL_FAST_MATH = YES;
				ONLY_ACTIVE_ARCH = YES;
				SDKROOT = iphoneos;
				SWIFT_ACTIVE_COMPILATION_CONDITIONS = "DEBUG $(inherited)";
				SWIFT_OPTIMIZATION_LEVEL = "-Onone";
			};
			name = Debug;
		};
		AFA431482B2C3D9400B1B376 /* Release */ = {
			isa = XCBuildConfiguration;
			buildSettings = {
				ALWAYS_SEARCH_USER_PATHS = NO;
				ASSETCATALOG_COMPILER_GENERATE_SWIFT_ASSET_SYMBOL_EXTENSIONS = YES;
				CLANG_ANALYZER_NONNULL = YES;
				CLANG_ANALYZER_NUMBER_OBJECT_CONVERSION = YES_AGGRESSIVE;
				CLANG_CXX_LANGUAGE_STANDARD = "gnu++20";
				CLANG_ENABLE_MODULES = YES;
				CLANG_ENABLE_OBJC_ARC = YES;
				CLANG_ENABLE_OBJC_WEAK = YES;
				CLANG_WARN_BLOCK_CAPTURE_AUTORELEASING = YES;
				CLANG_WARN_BOOL_CONVERSION = YES;
				CLANG_WARN_COMMA = YES;
				CLANG_WARN_CONSTANT_CONVERSION = YES;
				CLANG_WARN_DEPRECATED_OBJC_IMPLEMENTATIONS = YES;
				CLANG_WARN_DIRECT_OBJC_ISA_USAGE = YES_ERROR;
				CLANG_WARN_DOCUMENTATION_COMMENTS = YES;
				CLANG_WARN_EMPTY_BODY = YES;
				CLANG_WARN_ENUM_CONVERSION = YES;
				CLANG_WARN_INFINITE_RECURSION = YES;
				CLANG_WARN_INT_CONVERSION = YES;
				CLANG_WARN_NON_LITERAL_NULL_CONVERSION = YES;
				CLANG_WARN_OBJC_IMPLICIT_RETAIN_SELF = YES;
				CLANG_WARN_OBJC_LITERAL_CONVERSION = YES;
				CLANG_WARN_OBJC_ROOT_CLASS = YES_ERROR;
				CLANG_WARN_QUOTED_INCLUDE_IN_FRAMEWORK_HEADER = YES;
				CLANG_WARN_RANGE_LOOP_ANALYSIS = YES;
				CLANG_WARN_STRICT_PROTOTYPES = YES;
				CLANG_WARN_SUSPICIOUS_MOVE = YES;
				CLANG_WARN_UNGUARDED_AVAILABILITY = YES_AGGRESSIVE;
				CLANG_WARN_UNREACHABLE_CODE = YES;
				CLANG_WARN__DUPLICATE_METHOD_MATCH = YES;
				COPY_PHASE_STRIP = NO;
				DEBUG_INFORMATION_FORMAT = "dwarf-with-dsym";
				ENABLE_NS_ASSERTIONS = NO;
				ENABLE_STRICT_OBJC_MSGSEND = YES;
				ENABLE_USER_SCRIPT_SANDBOXING = YES;
				GCC_C_LANGUAGE_STANDARD = gnu17;
				GCC_NO_COMMON_BLOCKS = YES;
				GCC_WARN_64_TO_32_BIT_CONVERSION = YES;
				GCC_WARN_ABOUT_RETURN_TYPE = YES_ERROR;
				GCC_WARN_UNDECLARED_SELECTOR = YES;
				GCC_WARN_UNINITIALIZED_AUTOS = YES_AGGRESSIVE;
				GCC_WARN_UNUSED_FUNCTION = YES;
				GCC_WARN_UNUSED_VARIABLE = YES;
				IPHONEOS_DEPLOYMENT_TARGET = 15.5;
				LOCALIZATION_PREFERS_STRING_CATALOGS = YES;
				MTL_ENABLE_DEBUG_INFO = NO;
				MTL_FAST_MATH = YES;
				SDKROOT = iphoneos;
				SWIFT_COMPILATION_MODE = wholemodule;
				VALIDATE_PRODUCT = YES;
			};
			name = Release;
		};
		AFA4314A2B2C3D9400B1B376 /* Debug */ = {
			isa = XCBuildConfiguration;
			buildSettings = {
				ASSETCATALOG_COMPILER_APPICON_NAME = AppIcon;
				ASSETCATALOG_COMPILER_GLOBAL_ACCENT_COLOR_NAME = AccentColor;
				CODE_SIGN_STYLE = Automatic;
				CURRENT_PROJECT_VERSION = 1;
				DEVELOPMENT_TEAM = 2QGNSHF3MU;
				GENERATE_INFOPLIST_FILE = YES;
				INFOPLIST_FILE = Gene/Info.plist;
				INFOPLIST_KEY_LSApplicationCategoryType = "public.app-category.photography";
				INFOPLIST_KEY_NSCameraUsageDescription = "taking pictures";
				INFOPLIST_KEY_NSPhotoLibraryUsageDescription = "save photo";
				INFOPLIST_KEY_UIApplicationSupportsIndirectInputEvents = YES;
				INFOPLIST_KEY_UILaunchStoryboardName = LaunchScreen;
				INFOPLIST_KEY_UISupportedInterfaceOrientations = UIInterfaceOrientationPortrait;
				INFOPLIST_KEY_UISupportedInterfaceOrientations_iPad = "UIInterfaceOrientationLandscapeLeft UIInterfaceOrientationLandscapeRight UIInterfaceOrientationPortrait UIInterfaceOrientationPortraitUpsideDown";
				INFOPLIST_KEY_UIUserInterfaceStyle = Light;
				IPHONEOS_DEPLOYMENT_TARGET = 16.0;
				LD_RUNPATH_SEARCH_PATHS = (
					"$(inherited)",
					"@executable_path/Frameworks",
				);
				MARKETING_VERSION = 1.0;
				PRODUCT_BUNDLE_IDENTIFIER = vicky.gene;
				PRODUCT_NAME = "$(TARGET_NAME)";
				SWIFT_EMIT_LOC_STRINGS = YES;
				SWIFT_VERSION = 5.0;
				TARGETED_DEVICE_FAMILY = "1,2";
			};
			name = Debug;
		};
		AFA4314B2B2C3D9400B1B376 /* Release */ = {
			isa = XCBuildConfiguration;
			buildSettings = {
				ASSETCATALOG_COMPILER_APPICON_NAME = AppIcon;
				ASSETCATALOG_COMPILER_GLOBAL_ACCENT_COLOR_NAME = AccentColor;
				CODE_SIGN_STYLE = Automatic;
				CURRENT_PROJECT_VERSION = 1;
				DEVELOPMENT_TEAM = 2QGNSHF3MU;
				GENERATE_INFOPLIST_FILE = YES;
				INFOPLIST_FILE = Gene/Info.plist;
				INFOPLIST_KEY_LSApplicationCategoryType = "public.app-category.photography";
				INFOPLIST_KEY_NSCameraUsageDescription = "taking pictures";
				INFOPLIST_KEY_NSPhotoLibraryUsageDescription = "save photo";
				INFOPLIST_KEY_UIApplicationSupportsIndirectInputEvents = YES;
				INFOPLIST_KEY_UILaunchStoryboardName = LaunchScreen;
				INFOPLIST_KEY_UISupportedInterfaceOrientations = UIInterfaceOrientationPortrait;
				INFOPLIST_KEY_UISupportedInterfaceOrientations_iPad = "UIInterfaceOrientationLandscapeLeft UIInterfaceOrientationLandscapeRight UIInterfaceOrientationPortrait UIInterfaceOrientationPortraitUpsideDown";
				INFOPLIST_KEY_UIUserInterfaceStyle = Light;
				IPHONEOS_DEPLOYMENT_TARGET = 16.0;
				LD_RUNPATH_SEARCH_PATHS = (
					"$(inherited)",
					"@executable_path/Frameworks",
				);
				MARKETING_VERSION = 1.0;
				PRODUCT_BUNDLE_IDENTIFIER = vicky.gene;
				PRODUCT_NAME = "$(TARGET_NAME)";
				SWIFT_EMIT_LOC_STRINGS = YES;
				SWIFT_VERSION = 5.0;
				TARGETED_DEVICE_FAMILY = "1,2";
			};
			name = Release;
		};
/* End XCBuildConfiguration section */

/* Begin XCConfigurationList section */
		AFA4311A2B2C3D9300B1B376 /* Build configuration list for PBXProject "Gene" */ = {
			isa = XCConfigurationList;
			buildConfigurations = (
				AFA431472B2C3D9400B1B376 /* Debug */,
				AFA431482B2C3D9400B1B376 /* Release */,
			);
			defaultConfigurationIsVisible = 0;
			defaultConfigurationName = Release;
		};
		AFA431492B2C3D9400B1B376 /* Build configuration list for PBXNativeTarget "Gene" */ = {
			isa = XCConfigurationList;
			buildConfigurations = (
				AFA4314A2B2C3D9400B1B376 /* Debug */,
				AFA4314B2B2C3D9400B1B376 /* Release */,
			);
			defaultConfigurationIsVisible = 0;
			defaultConfigurationName = Release;
		};
/* End XCConfigurationList section */

/* Begin XCRemoteSwiftPackageReference section */
		AFFEB3572BA33A57003CC721 /* XCRemoteSwiftPackageReference "SDWebImage" */ = {
			isa = XCRemoteSwiftPackageReference;
			repositoryURL = "https://github.com/SDWebImage/SDWebImage";
			requirement = {
				kind = upToNextMajorVersion;
				minimumVersion = 5.19.0;
			};
		};
/* End XCRemoteSwiftPackageReference section */

/* Begin XCSwiftPackageProductDependency section */
		AFFEB3582BA33A57003CC721 /* SDWebImage */ = {
			isa = XCSwiftPackageProductDependency;
			package = AFFEB3572BA33A57003CC721 /* XCRemoteSwiftPackageReference "SDWebImage" */;
			productName = SDWebImage;
		};
		AFFEB35A2BA33A57003CC721 /* SDWebImageMapKit */ = {
			isa = XCSwiftPackageProductDependency;
			package = AFFEB3572BA33A57003CC721 /* XCRemoteSwiftPackageReference "SDWebImage" */;
			productName = SDWebImageMapKit;
		};
/* End XCSwiftPackageProductDependency section */
	};
	rootObject = AFA431172B2C3D9300B1B376 /* Project object */;
}
